
Microsoft Visual Studio Solution File, Format Version 11.00
# Visual Studio 2010
Project("{FAE04EC0-301F-11D3-BF4B-00C04F79EFBC}") = "Assembly-CSharp", "Assembly-CSharp.csproj", "{23eb9b01-c863-d968-be71-707e858dda9d}"
EndProject
Project("{FAE04EC0-301F-11D3-BF4B-00C04F79EFBC}") = "Assembly-CSharp-Editor", "Assembly-CSharp-Editor.csproj", "{a4987c2e-7dbb-f48c-be4f-6dce7885fadd}"
EndProject
Global
	GlobalSection(SolutionConfigurationPlatforms) = preSolution
		Debug|Any CPU = Debug|Any CPU
	EndGlobalSection
	GlobalSection(ProjectConfigurationPlatforms) = postSolution
		{23eb9b01-c863-d968-be71-707e858dda9d}.Debug|Any CPU.ActiveCfg = Debug|Any CPU
		{23eb9b01-c863-d968-be71-707e858dda9d}.Debug|Any CPU.Build.0 = Debug|Any CPU
		{a4987c2e-7dbb-f48c-be4f-6dce7885fadd}.Debug|Any CPU.ActiveCfg = Debug|Any CPU
		{a4987c2e-7dbb-f48c-be4f-6dce7885fadd}.Debug|Any CPU.Build.0 = Debug|Any CPU
	EndGlobalSection
	GlobalSection(SolutionProperties) = preSolution
		HideSolutionNode = FALSE
	EndGlobalSection
EndGlobal
